DEPENDENCIES
  ibrapp
    path: ../../../../../chop/ibrapp
  java
    path: ../../../../../chop/java
  java-wrapper
    path: ../../../../../chop/java-wrapper
  jboss-eap
    path: ../../../../../chop/jboss-eap
  logrotate
    path: ../../../../../chop/logrotate
  logstash-sbsa
    path: ../../../../../chop/logstash-sbsa

GRAPH
  7-zip (1.0.2)
    windows (>= 1.2.2)
  ark (0.9.0)
    7-zip (>= 0.0.0)
    windows (>= 0.0.0)
  chef_handler (1.1.9)
  ibrapp (0.5.3)
    jboss-eap (>= 0.0.0)
    logrotate (>= 0.0.0)
    logstash-sbsa (>= 0.0.0)
  java (1.29.0)
  java-wrapper (0.2.0)
    java (>= 0.0.0)
  jboss-eap (3.3.1)
    ark (>= 0.0.0)
  logrotate (1.9.1)
  logstash-sbsa (0.1.1)
    yum (>= 0.0.0)
  windows (1.37.0)
    chef_handler (>= 0.0.0)
  yum (3.6.1)
